
Microsoft Visual Studio Solution File, Format Version 12.00
# Visual Studio Version 16
VisualStudioVersion = 16.0.31729.503
MinimumVisualStudioVersion = 10.0.40219.1
Project("{FAE04EC0-301F-11D3-BF4B-00C04F79EFBC}") = "Lab_20", "Lab_20.csproj", "{DEBE0E18-5FFE-49E8-BC27-D681A5BBC6E9}"
EndProject
Global
	GlobalSection(SolutionConfigurationPlatforms) = preSolution
		Debug|Any CPU = Debug|Any CPU
		Release|Any CPU = Release|Any CPU
	EndGlobalSection
	GlobalSection(ProjectConfigurationPlatforms) = postSolution
		{DEBE0E18-5FFE-49E8-BC27-D681A5BBC6E9}.Debug|Any CPU.ActiveCfg = Debug|Any CPU
		{DEBE0E18-5FFE-49E8-BC27-D681A5BBC6E9}.Debug|Any CPU.Build.0 = Debug|Any CPU
		{DEBE0E18-5FFE-49E8-BC27-D681A5BBC6E9}.Release|Any CPU.ActiveCfg = Release|Any CPU
		{DEBE0E18-5FFE-49E8-BC27-D681A5BBC6E9}.Release|Any CPU.Build.0 = Release|Any CPU
	EndGlobalSection
	GlobalSection(SolutionProperties) = preSolution
		HideSolutionNode = FALSE
	EndGlobalSection
	GlobalSection(ExtensibilityGlobals) = postSolution
		SolutionGuid = {60E605D6-2997-4977-A36E-EAE06E69E3E0}
	EndGlobalSection
EndGlobal
